
Microsoft Visual Studio Solution File, Format Version 12.00
# Visual Studio Version 17
VisualStudioVersion = 17.13.35931.197 d17.13
MinimumVisualStudioVersion = 10.0.40219.1
Project("{FAE04EC0-301F-11D3-BF4B-00C04F79EFBC}") = "VideoGame", "VideoGame\VideoGame.csproj", "{FD480305-7388-46F8-81B8-B573C4EA9DAB}"
EndProject
Global
	GlobalSection(SolutionConfigurationPlatforms) = preSolution
		Debug|Any CPU = Debug|Any CPU
		Release|Any CPU = Release|Any CPU
	EndGlobalSection
	GlobalSection(ProjectConfigurationPlatforms) = postSolution
		{FD480305-7388-46F8-81B8-B573C4EA9DAB}.Debug|Any CPU.ActiveCfg = Debug|Any CPU
		{FD480305-7388-46F8-81B8-B573C4EA9DAB}.Debug|Any CPU.Build.0 = Debug|Any CPU
		{FD480305-7388-46F8-81B8-B573C4EA9DAB}.Release|Any CPU.ActiveCfg = Release|Any CPU
		{FD480305-7388-46F8-81B8-B573C4EA9DAB}.Release|Any CPU.Build.0 = Release|Any CPU
	EndGlobalSection
	GlobalSection(SolutionProperties) = preSolution
		HideSolutionNode = FALSE
	EndGlobalSection
	GlobalSection(ExtensibilityGlobals) = postSolution
		SolutionGuid = {2EDC2DE9-202C-43B6-B3DE-D751063C8248}
	EndGlobalSection
EndGlobal
